
Microsoft Visual Studio Solution File, Format Version 12.00
Project("{FAE04EC0-301F-11D3-BF4B-00C04F79EFBC}") = "WebApp", "WebApp\WebApp.csproj", "{13AAE296-B113-4383-80E1-65E0CCF851F2}"
EndProject
Project("{FAE04EC0-301F-11D3-BF4B-00C04F79EFBC}") = "Domain.App", "Domain.App\Domain.App.csproj", "{0F9F82F0-3FF9-4E1E-AA09-F84392EDB35F}"
EndProject
Project("{FAE04EC0-301F-11D3-BF4B-00C04F79EFBC}") = "DAL.App.EF", "DAL.App.EF\DAL.App.EF.csproj", "{5D57A205-26C6-4D60-A28D-6FF1702B7D95}"
EndProject
Project("{FAE04EC0-301F-11D3-BF4B-00C04F79EFBC}") = "DAL.App.DTO", "DAL.App.DTO\DAL.App.DTO.csproj", "{5FE11A88-3F38-48A1-9D67-2FC1752ABFB5}"
EndProject
Project("{FAE04EC0-301F-11D3-BF4B-00C04F79EFBC}") = "Contracts.DAL.App", "Contracts.DAL.App\Contracts.DAL.App.csproj", "{4E9081F9-C8F8-425B-9140-79C1EFEAB08F}"
EndProject
Project("{2150E333-8FDC-42A3-9474-1A3956D46DE8}") = "DAL", "DAL", "{FA6C130B-2D26-435A-ABFD-6321CE9EB66D}"
EndProject
Project("{2150E333-8FDC-42A3-9474-1A3956D46DE8}") = "Contracts", "Contracts", "{EEB229CC-6B53-436A-BAC9-65FF28C048C8}"
EndProject
Project("{2150E333-8FDC-42A3-9474-1A3956D46DE8}") = "Domain", "Domain", "{72BAEB5C-7ACA-417E-B19C-1C9EA8E28D3D}"
EndProject
Project("{2150E333-8FDC-42A3-9474-1A3956D46DE8}") = "Web", "Web", "{DCAB21EA-4B7F-4E0D-BDC9-FE75FC704F6D}"
EndProject
Project("{FAE04EC0-301F-11D3-BF4B-00C04F79EFBC}") = "PublicApi.DTO", "PublicApi.DTO\PublicApi.DTO.csproj", "{92357BDC-A848-40E6-8E10-6C6E03245FC4}"
EndProject
Project("{FAE04EC0-301F-11D3-BF4B-00C04F79EFBC}") = "Extensions", "Extensions\Extensions.csproj", "{310536F8-DDD6-439A-A792-6261632CFFDE}"
EndProject
Project("{2150E333-8FDC-42A3-9474-1A3956D46DE8}") = "_SolutionFiles", "_SolutionFiles", "{2CAABE52-D833-40A9-88F9-9B57DEEF2735}"
    ProjectSection(SolutionItems) = preProject
        .dockerignore = .dockerignore
        Dockerfile = Dockerfile
        .gitignore = ..\..\.gitignore
        Directory.Build.props = Directory.Build.props
        README.md = README.md
    EndProjectSection
EndProject
Global
	GlobalSection(SolutionConfigurationPlatforms) = preSolution
		Debug|Any CPU = Debug|Any CPU
		Release|Any CPU = Release|Any CPU
	EndGlobalSection
	GlobalSection(ProjectConfigurationPlatforms) = postSolution
		{13AAE296-B113-4383-80E1-65E0CCF851F2}.Debug|Any CPU.ActiveCfg = Debug|Any CPU
		{13AAE296-B113-4383-80E1-65E0CCF851F2}.Debug|Any CPU.Build.0 = Debug|Any CPU
		{13AAE296-B113-4383-80E1-65E0CCF851F2}.Release|Any CPU.ActiveCfg = Release|Any CPU
		{13AAE296-B113-4383-80E1-65E0CCF851F2}.Release|Any CPU.Build.0 = Release|Any CPU
		{0F9F82F0-3FF9-4E1E-AA09-F84392EDB35F}.Debug|Any CPU.ActiveCfg = Debug|Any CPU
		{0F9F82F0-3FF9-4E1E-AA09-F84392EDB35F}.Debug|Any CPU.Build.0 = Debug|Any CPU
		{0F9F82F0-3FF9-4E1E-AA09-F84392EDB35F}.Release|Any CPU.ActiveCfg = Release|Any CPU
		{0F9F82F0-3FF9-4E1E-AA09-F84392EDB35F}.Release|Any CPU.Build.0 = Release|Any CPU
		{5D57A205-26C6-4D60-A28D-6FF1702B7D95}.Debug|Any CPU.ActiveCfg = Debug|Any CPU
		{5D57A205-26C6-4D60-A28D-6FF1702B7D95}.Debug|Any CPU.Build.0 = Debug|Any CPU
		{5D57A205-26C6-4D60-A28D-6FF1702B7D95}.Release|Any CPU.ActiveCfg = Release|Any CPU
		{5D57A205-26C6-4D60-A28D-6FF1702B7D95}.Release|Any CPU.Build.0 = Release|Any CPU
		{5FE11A88-3F38-48A1-9D67-2FC1752ABFB5}.Debug|Any CPU.ActiveCfg = Debug|Any CPU
		{5FE11A88-3F38-48A1-9D67-2FC1752ABFB5}.Debug|Any CPU.Build.0 = Debug|Any CPU
		{5FE11A88-3F38-48A1-9D67-2FC1752ABFB5}.Release|Any CPU.ActiveCfg = Release|Any CPU
		{5FE11A88-3F38-48A1-9D67-2FC1752ABFB5}.Release|Any CPU.Build.0 = Release|Any CPU
		{4E9081F9-C8F8-425B-9140-79C1EFEAB08F}.Debug|Any CPU.ActiveCfg = Debug|Any CPU
		{4E9081F9-C8F8-425B-9140-79C1EFEAB08F}.Debug|Any CPU.Build.0 = Debug|Any CPU
		{4E9081F9-C8F8-425B-9140-79C1EFEAB08F}.Release|Any CPU.ActiveCfg = Release|Any CPU
		{4E9081F9-C8F8-425B-9140-79C1EFEAB08F}.Release|Any CPU.Build.0 = Release|Any CPU
		{92357BDC-A848-40E6-8E10-6C6E03245FC4}.Debug|Any CPU.ActiveCfg = Debug|Any CPU
		{92357BDC-A848-40E6-8E10-6C6E03245FC4}.Debug|Any CPU.Build.0 = Debug|Any CPU
		{92357BDC-A848-40E6-8E10-6C6E03245FC4}.Release|Any CPU.ActiveCfg = Release|Any CPU
		{92357BDC-A848-40E6-8E10-6C6E03245FC4}.Release|Any CPU.Build.0 = Release|Any CPU
		{310536F8-DDD6-439A-A792-6261632CFFDE}.Debug|Any CPU.ActiveCfg = Debug|Any CPU
		{310536F8-DDD6-439A-A792-6261632CFFDE}.Debug|Any CPU.Build.0 = Debug|Any CPU
		{310536F8-DDD6-439A-A792-6261632CFFDE}.Release|Any CPU.ActiveCfg = Release|Any CPU
		{310536F8-DDD6-439A-A792-6261632CFFDE}.Release|Any CPU.Build.0 = Release|Any CPU
	EndGlobalSection
	GlobalSection(NestedProjects) = preSolution
		{5FE11A88-3F38-48A1-9D67-2FC1752ABFB5} = {FA6C130B-2D26-435A-ABFD-6321CE9EB66D}
		{5D57A205-26C6-4D60-A28D-6FF1702B7D95} = {FA6C130B-2D26-435A-ABFD-6321CE9EB66D}
		{EEB229CC-6B53-436A-BAC9-65FF28C048C8} = {FA6C130B-2D26-435A-ABFD-6321CE9EB66D}
		{4E9081F9-C8F8-425B-9140-79C1EFEAB08F} = {EEB229CC-6B53-436A-BAC9-65FF28C048C8}
		{0F9F82F0-3FF9-4E1E-AA09-F84392EDB35F} = {72BAEB5C-7ACA-417E-B19C-1C9EA8E28D3D}
		{92357BDC-A848-40E6-8E10-6C6E03245FC4} = {DCAB21EA-4B7F-4E0D-BDC9-FE75FC704F6D}
		{310536F8-DDD6-439A-A792-6261632CFFDE} = {DCAB21EA-4B7F-4E0D-BDC9-FE75FC704F6D}
	EndGlobalSection
EndGlobal
