
Microsoft Visual Studio Solution File, Format Version 12.00
Project("{FAE04EC0-301F-11D3-BF4B-00C04F79EFBC}") = "WebApp", "WebApp\WebApp.csproj", "{15225CB1-EC48-458F-92AA-690C40C8EBAC}"
EndProject
Project("{FAE04EC0-301F-11D3-BF4B-00C04F79EFBC}") = "Contracts.DAL.Base", "Contracts.DAL.Base\Contracts.DAL.Base.csproj", "{D6B34694-03F6-475B-BFE6-22F4BA5FA386}"
EndProject
Project("{FAE04EC0-301F-11D3-BF4B-00C04F79EFBC}") = "Contracts.DAL.App", "Contracts.DAL.App\Contracts.DAL.App.csproj", "{D29C8515-3818-4564-8EA1-8D9B334805BE}"
EndProject
Project("{FAE04EC0-301F-11D3-BF4B-00C04F79EFBC}") = "DAL.Base", "DAL.Base\DAL.Base.csproj", "{E98A0127-9879-4CA6-93C0-53686B85887B}"
EndProject
Project("{FAE04EC0-301F-11D3-BF4B-00C04F79EFBC}") = "DAL.Base.EF", "DAL.Base.EF\DAL.Base.EF.csproj", "{61A29397-A3EC-45E7-86ED-E3BF6AFD5C2E}"
EndProject
Project("{FAE04EC0-301F-11D3-BF4B-00C04F79EFBC}") = "Domain", "Domain\Domain.csproj", "{41500046-DC76-4183-8162-3CD8985240A6}"
EndProject
Project("{FAE04EC0-301F-11D3-BF4B-00C04F79EFBC}") = "DAL.App.EF", "DAL.App.EF\DAL.App.EF.csproj", "{F5F8580F-CB5D-4A1E-9E16-BEF2E7C91763}"
EndProject
Global
	GlobalSection(SolutionConfigurationPlatforms) = preSolution
		Debug|Any CPU = Debug|Any CPU
		Release|Any CPU = Release|Any CPU
	EndGlobalSection
	GlobalSection(ProjectConfigurationPlatforms) = postSolution
		{15225CB1-EC48-458F-92AA-690C40C8EBAC}.Debug|Any CPU.ActiveCfg = Debug|Any CPU
		{15225CB1-EC48-458F-92AA-690C40C8EBAC}.Debug|Any CPU.Build.0 = Debug|Any CPU
		{15225CB1-EC48-458F-92AA-690C40C8EBAC}.Release|Any CPU.ActiveCfg = Release|Any CPU
		{15225CB1-EC48-458F-92AA-690C40C8EBAC}.Release|Any CPU.Build.0 = Release|Any CPU
		{D6B34694-03F6-475B-BFE6-22F4BA5FA386}.Debug|Any CPU.ActiveCfg = Debug|Any CPU
		{D6B34694-03F6-475B-BFE6-22F4BA5FA386}.Debug|Any CPU.Build.0 = Debug|Any CPU
		{D6B34694-03F6-475B-BFE6-22F4BA5FA386}.Release|Any CPU.ActiveCfg = Release|Any CPU
		{D6B34694-03F6-475B-BFE6-22F4BA5FA386}.Release|Any CPU.Build.0 = Release|Any CPU
		{D29C8515-3818-4564-8EA1-8D9B334805BE}.Debug|Any CPU.ActiveCfg = Debug|Any CPU
		{D29C8515-3818-4564-8EA1-8D9B334805BE}.Debug|Any CPU.Build.0 = Debug|Any CPU
		{D29C8515-3818-4564-8EA1-8D9B334805BE}.Release|Any CPU.ActiveCfg = Release|Any CPU
		{D29C8515-3818-4564-8EA1-8D9B334805BE}.Release|Any CPU.Build.0 = Release|Any CPU
		{E98A0127-9879-4CA6-93C0-53686B85887B}.Debug|Any CPU.ActiveCfg = Debug|Any CPU
		{E98A0127-9879-4CA6-93C0-53686B85887B}.Debug|Any CPU.Build.0 = Debug|Any CPU
		{E98A0127-9879-4CA6-93C0-53686B85887B}.Release|Any CPU.ActiveCfg = Release|Any CPU
		{E98A0127-9879-4CA6-93C0-53686B85887B}.Release|Any CPU.Build.0 = Release|Any CPU
		{61A29397-A3EC-45E7-86ED-E3BF6AFD5C2E}.Debug|Any CPU.ActiveCfg = Debug|Any CPU
		{61A29397-A3EC-45E7-86ED-E3BF6AFD5C2E}.Debug|Any CPU.Build.0 = Debug|Any CPU
		{61A29397-A3EC-45E7-86ED-E3BF6AFD5C2E}.Release|Any CPU.ActiveCfg = Release|Any CPU
		{61A29397-A3EC-45E7-86ED-E3BF6AFD5C2E}.Release|Any CPU.Build.0 = Release|Any CPU
		{41500046-DC76-4183-8162-3CD8985240A6}.Debug|Any CPU.ActiveCfg = Debug|Any CPU
		{41500046-DC76-4183-8162-3CD8985240A6}.Debug|Any CPU.Build.0 = Debug|Any CPU
		{41500046-DC76-4183-8162-3CD8985240A6}.Release|Any CPU.ActiveCfg = Release|Any CPU
		{41500046-DC76-4183-8162-3CD8985240A6}.Release|Any CPU.Build.0 = Release|Any CPU
		{F5F8580F-CB5D-4A1E-9E16-BEF2E7C91763}.Debug|Any CPU.ActiveCfg = Debug|Any CPU
		{F5F8580F-CB5D-4A1E-9E16-BEF2E7C91763}.Debug|Any CPU.Build.0 = Debug|Any CPU
		{F5F8580F-CB5D-4A1E-9E16-BEF2E7C91763}.Release|Any CPU.ActiveCfg = Release|Any CPU
		{F5F8580F-CB5D-4A1E-9E16-BEF2E7C91763}.Release|Any CPU.Build.0 = Release|Any CPU
	EndGlobalSection
EndGlobal
