
Microsoft Visual Studio Solution File, Format Version 12.00
Project("{FAE04EC0-301F-11D3-BF4B-00C04F79EFBC}") = "WebApp", "WebApp\WebApp.csproj", "{15225CB1-EC48-458F-92AA-690C40C8EBAC}"
EndProject
Global
	GlobalSection(SolutionConfigurationPlatforms) = preSolution
		Debug|Any CPU = Debug|Any CPU
		Release|Any CPU = Release|Any CPU
	EndGlobalSection
	GlobalSection(ProjectConfigurationPlatforms) = postSolution
		{15225CB1-EC48-458F-92AA-690C40C8EBAC}.Debug|Any CPU.ActiveCfg = Debug|Any CPU
		{15225CB1-EC48-458F-92AA-690C40C8EBAC}.Debug|Any CPU.Build.0 = Debug|Any CPU
		{15225CB1-EC48-458F-92AA-690C40C8EBAC}.Release|Any CPU.ActiveCfg = Release|Any CPU
		{15225CB1-EC48-458F-92AA-690C40C8EBAC}.Release|Any CPU.Build.0 = Release|Any CPU
	EndGlobalSection
EndGlobal
